// !$*UTF8*$!
{
	archiveVersion = 1;
	classes = {
	};
	objectVersion = 77;
	objects = {

/* Begin PBXBuildFile section */
		0F102030405060708091A2B3 /* OpenWhisperShared in Frameworks */ = {isa = PBXBuildFile; productRef = D2E3F40518293A4B5C6D7E8F /* OpenWhisperShared */; };
		10102030405060708091A2B3 /* FluidAudio in Frameworks */ = {isa = PBXBuildFile; productRef = 5F6A7B8C9D0E1F20293A4B5C /* FluidAudio */; };
		783C6F95301CF4E300004B40 /* OpenWhisperShared in Frameworks */ = {isa = PBXBuildFile; productRef = D2E3F40518293A4B5C6D7E8F /* OpenWhisperShared */; };
		783C6F96301CF4E300004B40 /* OpenWhisperShared in Frameworks */ = {isa = PBXBuildFile; productRef = D2E3F40518293A4B5C6D7E8F /* OpenWhisperShared */; };
		7865A1A2301F54170036B816 /* WidgetKit.framework in Frameworks */ = {isa = PBXBuildFile; fileRef = 7865A1A1301F54170036B816 /* WidgetKit.framework */; };
		7865A1A4301F54170036B816 /* SwiftUI.framework in Frameworks */ = {isa = PBXBuildFile; fileRef = 7865A1A3301F54170036B816 /* SwiftUI.framework */; };
		7865A1B9301F543A0036B816 /* OpenWhisperShared in Frameworks */ = {isa = PBXBuildFile; productRef = 7865A1B8301F543A0036B816 /* OpenWhisperShared */; };
		78732D0D301C6D030019D594 /* ParakeetTDT in Frameworks */ = {isa = PBXBuildFile; productRef = B2C3D4E5F60718293A4B5C6D /* ParakeetTDT */; };
/* End PBXBuildFile section */

/* Begin PBXCopyFilesBuildPhase section */
		3C4D5E6F708192A3B4C5D6E7 /* Embed App Extensions */ = {
			isa = PBXCopyFilesBuildPhase;
			buildActionMask = 2147483647;
			dstPath = "";
			dstSubfolderSpec = 13;
			files = (
			);
			name = "Embed App Extensions";
			runOnlyForDeploymentPostprocessing = 0;
		};
/* End PBXCopyFilesBuildPhase section */

/* Begin PBXFileReference section */
		6A7B8C9D0E1F203040506070 /* openWhisperMac.app */ = {isa = PBXFileReference; explicitFileType = wrapper.application; includeInIndex = 0; name = openWhisperMac.app; path = OpenWhisper.app; sourceTree = BUILT_PRODUCTS_DIR; };
		7865A19F301F54170036B816 /* OpenWhisperWidgetExtension.appex */ = {isa = PBXFileReference; explicitFileType = "wrapper.app-extension"; includeInIndex = 0; path = OpenWhisperWidgetExtension.appex; sourceTree = BUILT_PRODUCTS_DIR; };
		7865A1A1301F54170036B816 /* WidgetKit.framework */ = {isa = PBXFileReference; lastKnownFileType = wrapper.framework; name = WidgetKit.framework; path = System/Library/Frameworks/WidgetKit.framework; sourceTree = SDKROOT; };
		7865A1A3301F54170036B816 /* SwiftUI.framework */ = {isa = PBXFileReference; lastKnownFileType = wrapper.framework; name = SwiftUI.framework; path = System/Library/Frameworks/SwiftUI.framework; sourceTree = SDKROOT; };
		78732CF1301C64E90019D594 /* openWhisper.app */ = {isa = PBXFileReference; explicitFileType = wrapper.application; includeInIndex = 0; path = openWhisper.app; sourceTree = BUILT_PRODUCTS_DIR; };
		E1F203140518293A4B5C6D7E /* OpenWhisperKeyboard.appex */ = {isa = PBXFileReference; explicitFileType = "wrapper.app-extension"; includeInIndex = 0; path = OpenWhisperKeyboard.appex; sourceTree = BUILT_PRODUCTS_DIR; };
/* End PBXFileReference section */

/* Begin PBXFileSystemSynchronizedBuildFileExceptionSet section */
		0B1C2D3E4F5061728394A5B6 /* Exceptions for "OpenWhisperKeyboard" folder in "OpenWhisperKeyboard" target */ = {
			isa = PBXFileSystemSynchronizedBuildFileExceptionSet;
			membershipExceptions = (
				Info.plist,
			);
			target = A3B4C5D6E7F8091A2B3C4D5E /* OpenWhisperKeyboard */;
		};
		7865A1B4301F54190036B816 /* Exceptions for "OpenWhisperWidget" folder in "OpenWhisperWidgetExtension" target */ = {
			isa = PBXFileSystemSynchronizedBuildFileExceptionSet;
			membershipExceptions = (
				Info.plist,
			);
			target = 7865A19E301F54160036B816 /* OpenWhisperWidgetExtension */;
		};
/* End PBXFileSystemSynchronizedBuildFileExceptionSet section */

/* Begin PBXFileSystemSynchronizedRootGroup section */
		7865A1A5301F54170036B816 /* OpenWhisperWidget */ = {
			isa = PBXFileSystemSynchronizedRootGroup;
			exceptions = (
				7865A1B4301F54190036B816 /* Exceptions for "OpenWhisperWidget" folder in "OpenWhisperWidgetExtension" target */,
			);
			path = OpenWhisperWidget;
			sourceTree = "<group>";
		};
		78732CF3301C64E90019D594 /* openWhisper */ = {
			isa = PBXFileSystemSynchronizedRootGroup;
			path = openWhisper;
			sourceTree = "<group>";
		};
		7B8C9D0E1F20304050607080 /* openWhisperMac */ = {
			isa = PBXFileSystemSynchronizedRootGroup;
			path = openWhisperMac;
			sourceTree = "<group>";
		};
		F203140518293A4B5C6D7E8F /* OpenWhisperKeyboard */ = {
			isa = PBXFileSystemSynchronizedRootGroup;
			exceptions = (
				0B1C2D3E4F5061728394A5B6 /* Exceptions for "OpenWhisperKeyboard" folder in "OpenWhisperKeyboard" target */,
			);
			path = OpenWhisperKeyboard;
			sourceTree = "<group>";
		};
/* End PBXFileSystemSynchronizedRootGroup section */

/* Begin PBXFrameworksBuildPhase section */
		7865A19C301F54160036B816 /* Frameworks */ = {
			isa = PBXFrameworksBuildPhase;
			buildActionMask = 2147483647;
			files = (
				7865A1A4301F54170036B816 /* SwiftUI.framework in Frameworks */,
				7865A1A2301F54170036B816 /* WidgetKit.framework in Frameworks */,
				7865A1B9301F543A0036B816 /* OpenWhisperShared in Frameworks */,
			);
			runOnlyForDeploymentPostprocessing = 0;
		};
		78732CEE301C64E90019D594 /* Frameworks */ = {
			isa = PBXFrameworksBuildPhase;
			buildActionMask = 2147483647;
			files = (
				783C6F96301CF4E300004B40 /* OpenWhisperShared in Frameworks */,
				78732D0D301C6D030019D594 /* ParakeetTDT in Frameworks */,
			);
			runOnlyForDeploymentPostprocessing = 0;
		};
		8E9F102030405060708091A2 /* Frameworks */ = {
			isa = PBXFrameworksBuildPhase;
			buildActionMask = 2147483647;
			files = (
				0F102030405060708091A2B3 /* OpenWhisperShared in Frameworks */,
				10102030405060708091A2B3 /* FluidAudio in Frameworks */,
			);
			runOnlyForDeploymentPostprocessing = 0;
		};
		C5D6E7F8091A2B3C4D5E6F70 /* Frameworks */ = {
			isa = PBXFrameworksBuildPhase;
			buildActionMask = 2147483647;
			files = (
				783C6F95301CF4E300004B40 /* OpenWhisperShared in Frameworks */,
			);
			runOnlyForDeploymentPostprocessing = 0;
		};
/* End PBXFrameworksBuildPhase section */

/* Begin PBXGroup section */
		7865A1A0301F54170036B816 /* Frameworks */ = {
			isa = PBXGroup;
			children = (
				7865A1A1301F54170036B816 /* WidgetKit.framework */,
				7865A1A3301F54170036B816 /* SwiftUI.framework */,
			);
			name = Frameworks;
			sourceTree = "<group>";
		};
		78732CE8301C64E90019D594 = {
			isa = PBXGroup;
			children = (
				78732CF3301C64E90019D594 /* openWhisper */,
				F203140518293A4B5C6D7E8F /* OpenWhisperKeyboard */,
				7865A1A5301F54170036B816 /* OpenWhisperWidget */,
				7B8C9D0E1F20304050607080 /* openWhisperMac */,
				7865A1A0301F54170036B816 /* Frameworks */,
				78732CF2301C64E90019D594 /* Products */,
			);
			sourceTree = "<group>";
		};
		78732CF2301C64E90019D594 /* Products */ = {
			isa = PBXGroup;
			children = (
				78732CF1301C64E90019D594 /* openWhisper.app */,
				E1F203140518293A4B5C6D7E /* OpenWhisperKeyboard.appex */,
				7865A19F301F54170036B816 /* OpenWhisperWidgetExtension.appex */,
				6A7B8C9D0E1F203040506070 /* openWhisperMac.app */,
			);
			name = Products;
			sourceTree = "<group>";
		};
/* End PBXGroup section */

/* Begin PBXNativeTarget section */
		7865A19E301F54160036B816 /* OpenWhisperWidgetExtension */ = {
			isa = PBXNativeTarget;
			buildConfigurationList = 7865A1B5301F54190036B816 /* Build configuration list for PBXNativeTarget "OpenWhisperWidgetExtension" */;
			buildPhases = (
				7865A19B301F54160036B816 /* Sources */,
				7865A19C301F54160036B816 /* Frameworks */,
				7865A19D301F54160036B816 /* Resources */,
			);
			buildRules = (
			);
			dependencies = (
			);
			fileSystemSynchronizedGroups = (
				7865A1A5301F54170036B816 /* OpenWhisperWidget */,
			);
			name = OpenWhisperWidgetExtension;
			packageProductDependencies = (
				7865A1B8301F543A0036B816 /* OpenWhisperShared */,
			);
			productName = OpenWhisperWidgetExtension;
			productReference = 7865A19F301F54170036B816 /* OpenWhisperWidgetExtension.appex */;
			productType = "com.apple.product-type.app-extension";
		};
		78732CF0301C64E90019D594 /* openWhisper */ = {
			isa = PBXNativeTarget;
			buildConfigurationList = 78732CFC301C64EA0019D594 /* Build configuration list for PBXNativeTarget "openWhisper" */;
			buildPhases = (
				78732CED301C64E90019D594 /* Sources */,
				78732CEE301C64E90019D594 /* Frameworks */,
				78732CEF301C64E90019D594 /* Resources */,
				3C4D5E6F708192A3B4C5D6E7 /* Embed App Extensions */,
			);
			buildRules = (
			);
			dependencies = (
			);
			fileSystemSynchronizedGroups = (
				78732CF3301C64E90019D594 /* openWhisper */,
			);
			name = openWhisper;
			packageProductDependencies = (
				B2C3D4E5F60718293A4B5C6D /* ParakeetTDT */,
				D2E3F40518293A4B5C6D7E8F /* OpenWhisperShared */,
			);
			productName = openWhisper;
			productReference = 78732CF1301C64E90019D594 /* openWhisper.app */;
			productType = "com.apple.product-type.application";
		};
		8C9D0E1F2030405060708090 /* openWhisperMac */ = {
			isa = PBXNativeTarget;
			buildConfigurationList = 9D0E1F2030405060708090A1 /* Build configuration list for PBXNativeTarget "openWhisperMac" */;
			buildPhases = (
				8D9E0F102030405060708091 /* Sources */,
				8E9F102030405060708091A2 /* Frameworks */,
				8FA0102030405060708091B3 /* Resources */,
			);
			buildRules = (
			);
			dependencies = (
			);
			fileSystemSynchronizedGroups = (
				7B8C9D0E1F20304050607080 /* openWhisperMac */,
			);
			name = openWhisperMac;
			packageProductDependencies = (
				D2E3F40518293A4B5C6D7E8F /* OpenWhisperShared */,
				5F6A7B8C9D0E1F20293A4B5C /* FluidAudio */,
			);
			productName = openWhisperMac;
			productReference = 6A7B8C9D0E1F203040506070 /* openWhisperMac.app */;
			productType = "com.apple.product-type.application";
		};
		A3B4C5D6E7F8091A2B3C4D5E /* OpenWhisperKeyboard */ = {
			isa = PBXNativeTarget;
			buildConfigurationList = E7F8091A2B3C4D5E6F708192 /* Build configuration list for PBXNativeTarget "OpenWhisperKeyboard" */;
			buildPhases = (
				B4C5D6E7F8091A2B3C4D5E6F /* Sources */,
				C5D6E7F8091A2B3C4D5E6F70 /* Frameworks */,
				D6E7F8091A2B3C4D5E6F7081 /* Resources */,
			);
			buildRules = (
			);
			dependencies = (
			);
			fileSystemSynchronizedGroups = (
				F203140518293A4B5C6D7E8F /* OpenWhisperKeyboard */,
			);
			name = OpenWhisperKeyboard;
			packageProductDependencies = (
				D2E3F40518293A4B5C6D7E8F /* OpenWhisperShared */,
			);
			productName = OpenWhisperKeyboard;
			productReference = E1F203140518293A4B5C6D7E /* OpenWhisperKeyboard.appex */;
			productType = "com.apple.product-type.app-extension";
		};
/* End PBXNativeTarget section */

/* Begin PBXProject section */
		78732CE9301C64E90019D594 /* Project object */ = {
			isa = PBXProject;
			attributes = {
				BuildIndependentTargetsInParallel = 1;
				LastSwiftUpdateCheck = 2660;
				LastUpgradeCheck = 2660;
				TargetAttributes = {
					7865A19E301F54160036B816 = {
						CreatedOnToolsVersion = 26.6;
					};
					78732CF0301C64E90019D594 = {
						CreatedOnToolsVersion = 26.6;
					};
				};
			};
			buildConfigurationList = 78732CEC301C64E90019D594 /* Build configuration list for PBXProject "openWhisper" */;
			developmentRegion = en;
			hasScannedForEncodings = 0;
			knownRegions = (
				en,
				Base,
			);
			mainGroup = 78732CE8301C64E90019D594;
			minimizedProjectReferenceProxies = 1;
			packageReferences = (
				A1B2C3D4E5F60718293A4B5C /* XCLocalSwiftPackageReference "Packages/parakeet-coreml-swift" */,
				C1D2E3F40518293A4B5C6D7E /* XCLocalSwiftPackageReference "OpenWhisperShared" */,
				4F5A6B7C8D9E0F10293A4B5C /* XCRemoteSwiftPackageReference "FluidAudio" */,
			);
			preferredProjectObjectVersion = 77;
			productRefGroup = 78732CF2301C64E90019D594 /* Products */;
			projectDirPath = "";
			projectRoot = "";
			targets = (
				78732CF0301C64E90019D594 /* openWhisper */,
				A3B4C5D6E7F8091A2B3C4D5E /* OpenWhisperKeyboard */,
				7865A19E301F54160036B816 /* OpenWhisperWidgetExtension */,
				8C9D0E1F2030405060708090 /* openWhisperMac */,
			);
		};
/* End PBXProject section */

/* Begin PBXResourcesBuildPhase section */
		7865A19D301F54160036B816 /* Resources */ = {
			isa = PBXResourcesBuildPhase;
			buildActionMask = 2147483647;
			files = (
			);
			runOnlyForDeploymentPostprocessing = 0;
		};
		78732CEF301C64E90019D594 /* Resources */ = {
			isa = PBXResourcesBuildPhase;
			buildActionMask = 2147483647;
			files = (
			);
			runOnlyForDeploymentPostprocessing = 0;
		};
		8FA0102030405060708091B3 /* Resources */ = {
			isa = PBXResourcesBuildPhase;
			buildActionMask = 2147483647;
			files = (
			);
			runOnlyForDeploymentPostprocessing = 0;
		};
		D6E7F8091A2B3C4D5E6F7081 /* Resources */ = {
			isa = PBXResourcesBuildPhase;
			buildActionMask = 2147483647;
			files = (
			);
			runOnlyForDeploymentPostprocessing = 0;
		};
/* End PBXResourcesBuildPhase section */

/* Begin PBXSourcesBuildPhase section */
		7865A19B301F54160036B816 /* Sources */ = {
			isa = PBXSourcesBuildPhase;
			buildActionMask = 2147483647;
			files = (
			);
			runOnlyForDeploymentPostprocessing = 0;
		};
		78732CED301C64E90019D594 /* Sources */ = {
			isa = PBXSourcesBuildPhase;
			buildActionMask = 2147483647;
			files = (
			);
			runOnlyForDeploymentPostprocessing = 0;
		};
		8D9E0F102030405060708091 /* Sources */ = {
			isa = PBXSourcesBuildPhase;
			buildActionMask = 2147483647;
			files = (
			);
			runOnlyForDeploymentPostprocessing = 0;
		};
		B4C5D6E7F8091A2B3C4D5E6F /* Sources */ = {
			isa = PBXSourcesBuildPhase;
			buildActionMask = 2147483647;
			files = (
			);
			runOnlyForDeploymentPostprocessing = 0;
		};
/* End PBXSourcesBuildPhase section */

/* Begin XCBuildConfiguration section */
		0A1B2C3D4E5F60718293A4B5C /* Release */ = {
			isa = XCBuildConfiguration;
			buildSettings = {
				APPLICATION_EXTENSION_API_ONLY = YES;
				CODE_SIGN_ENTITLEMENTS = openWhisper.entitlements;
				CODE_SIGN_STYLE = Automatic;
				CURRENT_PROJECT_VERSION = 2;
				DEVELOPMENT_TEAM = 3UKH2QRFKZ;
				INFOPLIST_FILE = OpenWhisperKeyboard/Info.plist;
				IPHONEOS_DEPLOYMENT_TARGET = 18.0;
				LD_RUNPATH_SEARCH_PATHS = (
					"$(inherited)",
					"@executable_path/Frameworks",
					"@executable_path/../../Frameworks",
				);
				MARKETING_VERSION = 1.1;
				PRODUCT_BUNDLE_IDENTIFIER = piszeprogramy.openWhisper.keyboard;
				PRODUCT_NAME = "$(TARGET_NAME)";
				SKIP_INSTALL = YES;
				SUPPORTED_PLATFORMS = "iphoneos iphonesimulator";
				SUPPORTS_MACCATALYST = NO;
				SUPPORTS_MAC_DESIGNED_FOR_IPHONE_IPAD = NO;
				SUPPORTS_XR_DESIGNED_FOR_IPHONE_IPAD = NO;
				SWIFT_APPROACHABLE_CONCURRENCY = YES;
				SWIFT_EMIT_LOC_STRINGS = YES;
				SWIFT_VERSION = 5.0;
				TARGETED_DEVICE_FAMILY = "1,2";
			};
			name = Release;
		};
		1A2B3C4D5E6F708192A3B4C5 /* Debug */ = {
			isa = XCBuildConfiguration;
			buildSettings = {
				ASSETCATALOG_COMPILER_APPICON_NAME = AppIcon;
				CODE_SIGN_ENTITLEMENTS = openWhisperMac/Info.entitlements;
				CODE_SIGN_STYLE = Automatic;
				CURRENT_PROJECT_VERSION = 2;
				DEVELOPMENT_TEAM = 3UKH2QRFKZ;
				ENABLE_HARDENED_RUNTIME = YES;
				ENABLE_PREVIEWS = YES;
				GENERATE_INFOPLIST_FILE = NO;
				INFOPLIST_FILE = openWhisperMac/Info.plist;
				LD_RUNPATH_SEARCH_PATHS = (
					"$(inherited)",
					"@executable_path/../Frameworks",
				);
				MACOSX_DEPLOYMENT_TARGET = 26.0;
				MARKETING_VERSION = 1.1;
				PRODUCT_BUNDLE_IDENTIFIER = piszeprogramy.openWhisper.mac;
				PRODUCT_NAME = OpenWhisper;
				SDKROOT = macosx;
				SWIFT_APPROACHABLE_CONCURRENCY = YES;
				SWIFT_DEFAULT_ACTOR_ISOLATION = MainActor;
				SWIFT_EMIT_LOC_STRINGS = YES;
				SWIFT_VERSION = 5.0;
			};
			name = Debug;
		};
		2B3C4D5E6F708192A3B4C5D6 /* Release */ = {
			isa = XCBuildConfiguration;
			buildSettings = {
				ASSETCATALOG_COMPILER_APPICON_NAME = AppIcon;
				CODE_SIGN_ENTITLEMENTS = openWhisperMac/Info.entitlements;
				CODE_SIGN_STYLE = Automatic;
				CURRENT_PROJECT_VERSION = 2;
				DEVELOPMENT_TEAM = 3UKH2QRFKZ;
				ENABLE_HARDENED_RUNTIME = YES;
				GENERATE_INFOPLIST_FILE = NO;
				INFOPLIST_FILE = openWhisperMac/Info.plist;
				LD_RUNPATH_SEARCH_PATHS = (
					"$(inherited)",
					"@executable_path/../Frameworks",
				);
				MACOSX_DEPLOYMENT_TARGET = 26.0;
				MARKETING_VERSION = 1.1;
				PRODUCT_BUNDLE_IDENTIFIER = piszeprogramy.openWhisper.mac;
				PRODUCT_NAME = OpenWhisper;
				SDKROOT = macosx;
				SWIFT_APPROACHABLE_CONCURRENCY = YES;
				SWIFT_DEFAULT_ACTOR_ISOLATION = MainActor;
				SWIFT_EMIT_LOC_STRINGS = YES;
				SWIFT_VERSION = 5.0;
			};
			name = Release;
		};
		7865A1B6301F54190036B816 /* Debug */ = {
			isa = XCBuildConfiguration;
			buildSettings = {
				ASSETCATALOG_COMPILER_GLOBAL_ACCENT_COLOR_NAME = AccentColor;
				ASSETCATALOG_COMPILER_WIDGET_BACKGROUND_COLOR_NAME = WidgetBackground;
				CODE_SIGN_STYLE = Automatic;
				CURRENT_PROJECT_VERSION = 2;
				DEVELOPMENT_TEAM = 3UKH2QRFKZ;
				GENERATE_INFOPLIST_FILE = YES;
				INFOPLIST_FILE = OpenWhisperWidget/Info.plist;
				INFOPLIST_KEY_CFBundleDisplayName = OpenWhisperWidget;
				INFOPLIST_KEY_NSHumanReadableCopyright = "";
				IPHONEOS_DEPLOYMENT_TARGET = 26.5;
				LD_RUNPATH_SEARCH_PATHS = (
					"$(inherited)",
					"@executable_path/Frameworks",
					"@executable_path/../../Frameworks",
				);
				MARKETING_VERSION = 1.1;
				PRODUCT_BUNDLE_IDENTIFIER = piszeprogramy.openWhisper.OpenWhisperWidget;
				PRODUCT_NAME = "$(TARGET_NAME)";
				SKIP_INSTALL = YES;
				STRING_CATALOG_GENERATE_SYMBOLS = YES;
				SUPPORTED_PLATFORMS = "iphoneos iphonesimulator";
				SUPPORTS_MACCATALYST = NO;
				SUPPORTS_MAC_DESIGNED_FOR_IPHONE_IPAD = NO;
				SUPPORTS_XR_DESIGNED_FOR_IPHONE_IPAD = NO;
				SWIFT_APPROACHABLE_CONCURRENCY = YES;
				SWIFT_EMIT_LOC_STRINGS = YES;
				SWIFT_UPCOMING_FEATURE_MEMBER_IMPORT_VISIBILITY = YES;
				SWIFT_VERSION = 5.0;
				TARGETED_DEVICE_FAMILY = "1,2";
			};
			name = Debug;
		};
		7865A1B7301F54190036B816 /* Release */ = {
			isa = XCBuildConfiguration;
			buildSettings = {
				ASSETCATALOG_COMPILER_GLOBAL_ACCENT_COLOR_NAME = AccentColor;
				ASSETCATALOG_COMPILER_WIDGET_BACKGROUND_COLOR_NAME = WidgetBackground;
				CODE_SIGN_STYLE = Automatic;
				CURRENT_PROJECT_VERSION = 2;
				DEVELOPMENT_TEAM = 3UKH2QRFKZ;
				GENERATE_INFOPLIST_FILE = YES;
				INFOPLIST_FILE = OpenWhisperWidget/Info.plist;
				INFOPLIST_KEY_CFBundleDisplayName = OpenWhisperWidget;
				INFOPLIST_KEY_NSHumanReadableCopyright = "";
				IPHONEOS_DEPLOYMENT_TARGET = 26.5;
				LD_RUNPATH_SEARCH_PATHS = (
					"$(inherited)",
					"@executable_path/Frameworks",
					"@executable_path/../../Frameworks",
				);
				MARKETING_VERSION = 1.1;
				PRODUCT_BUNDLE_IDENTIFIER = piszeprogramy.openWhisper.OpenWhisperWidget;
				PRODUCT_NAME = "$(TARGET_NAME)";
				SKIP_INSTALL = YES;
				STRING_CATALOG_GENERATE_SYMBOLS = YES;
				SUPPORTED_PLATFORMS = "iphoneos iphonesimulator";
				SUPPORTS_MACCATALYST = NO;
				SUPPORTS_MAC_DESIGNED_FOR_IPHONE_IPAD = NO;
				SUPPORTS_XR_DESIGNED_FOR_IPHONE_IPAD = NO;
				SWIFT_APPROACHABLE_CONCURRENCY = YES;
				SWIFT_EMIT_LOC_STRINGS = YES;
				SWIFT_UPCOMING_FEATURE_MEMBER_IMPORT_VISIBILITY = YES;
				SWIFT_VERSION = 5.0;
				TARGETED_DEVICE_FAMILY = "1,2";
			};
			name = Release;
		};
		78732CFA301C64EA0019D594 /* Debug */ = {
			isa = XCBuildConfiguration;
			buildSettings = {
				ALWAYS_SEARCH_USER_PATHS = NO;
				ASSETCATALOG_COMPILER_GENERATE_SWIFT_ASSET_SYMBOL_EXTENSIONS = YES;
				CLANG_ANALYZER_NONNULL = YES;
				CLANG_ANALYZER_NUMBER_OBJECT_CONVERSION = YES_AGGRESSIVE;
				CLANG_CXX_LANGUAGE_STANDARD = "gnu++20";
				CLANG_ENABLE_MODULES = YES;
				CLANG_ENABLE_OBJC_ARC = YES;
				CLANG_ENABLE_OBJC_WEAK = YES;
				CLANG_WARN_BLOCK_CAPTURE_AUTORELEASING = YES;
				CLANG_WARN_BOOL_CONVERSION = YES;
				CLANG_WARN_COMMA = YES;
				CLANG_WARN_CONSTANT_CONVERSION = YES;
				CLANG_WARN_DEPRECATED_OBJC_IMPLEMENTATIONS = YES;
				CLANG_WARN_DIRECT_OBJC_ISA_USAGE = YES_ERROR;
				CLANG_WARN_DOCUMENTATION_COMMENTS = YES;
				CLANG_WARN_EMPTY_BODY = YES;
				CLANG_WARN_ENUM_CONVERSION = YES;
				CLANG_WARN_INFINITE_RECURSION = YES;
				CLANG_WARN_INT_CONVERSION = YES;
				CLANG_WARN_NON_LITERAL_NULL_CONVERSION = YES;
				CLANG_WARN_OBJC_IMPLICIT_RETAIN_SELF = YES;
				CLANG_WARN_OBJC_LITERAL_CONVERSION = YES;
				CLANG_WARN_OBJC_ROOT_CLASS = YES_ERROR;
				CLANG_WARN_QUOTED_INCLUDE_IN_FRAMEWORK_HEADER = YES;
				CLANG_WARN_RANGE_LOOP_ANALYSIS = YES;
				CLANG_WARN_STRICT_PROTOTYPES = YES;
				CLANG_WARN_SUSPICIOUS_MOVE = YES;
				CLANG_WARN_UNGUARDED_AVAILABILITY = YES_AGGRESSIVE;
				CLANG_WARN_UNREACHABLE_CODE = YES;
				CLANG_WARN__DUPLICATE_METHOD_MATCH = YES;
				COPY_PHASE_STRIP = NO;
				DEBUG_INFORMATION_FORMAT = dwarf;
				DEVELOPMENT_TEAM = 3UKH2QRFKZ;
				ENABLE_STRICT_OBJC_MSGSEND = YES;
				ENABLE_TESTABILITY = YES;
				ENABLE_USER_SCRIPT_SANDBOXING = YES;
				GCC_C_LANGUAGE_STANDARD = gnu17;
				GCC_DYNAMIC_NO_PIC = NO;
				GCC_NO_COMMON_BLOCKS = YES;
				GCC_OPTIMIZATION_LEVEL = 0;
				GCC_PREPROCESSOR_DEFINITIONS = (
					"DEBUG=1",
					"$(inherited)",
				);
				GCC_WARN_64_TO_32_BIT_CONVERSION = YES;
				GCC_WARN_ABOUT_RETURN_TYPE = YES_ERROR;
				GCC_WARN_UNDECLARED_SELECTOR = YES;
				GCC_WARN_UNINITIALIZED_AUTOS = YES_AGGRESSIVE;
				GCC_WARN_UNUSED_FUNCTION = YES;
				GCC_WARN_UNUSED_VARIABLE = YES;
				IPHONEOS_DEPLOYMENT_TARGET = 18.0;
				LOCALIZATION_PREFERS_STRING_CATALOGS = YES;
				MTL_ENABLE_DEBUG_INFO = INCLUDE_SOURCE;
				MTL_FAST_MATH = YES;
				ONLY_ACTIVE_ARCH = YES;
				SDKROOT = iphoneos;
				SWIFT_ACTIVE_COMPILATION_CONDITIONS = "DEBUG $(inherited)";
				SWIFT_OPTIMIZATION_LEVEL = "-Onone";
			};
			name = Debug;
		};
		78732CFB301C64EA0019D594 /* Release */ = {
			isa = XCBuildConfiguration;
			buildSettings = {
				ALWAYS_SEARCH_USER_PATHS = NO;
				ASSETCATALOG_COMPILER_GENERATE_SWIFT_ASSET_SYMBOL_EXTENSIONS = YES;
				CLANG_ANALYZER_NONNULL = YES;
				CLANG_ANALYZER_NUMBER_OBJECT_CONVERSION = YES_AGGRESSIVE;
				CLANG_CXX_LANGUAGE_STANDARD = "gnu++20";
				CLANG_ENABLE_MODULES = YES;
				CLANG_ENABLE_OBJC_ARC = YES;
				CLANG_ENABLE_OBJC_WEAK = YES;
				CLANG_WARN_BLOCK_CAPTURE_AUTORELEASING = YES;
				CLANG_WARN_BOOL_CONVERSION = YES;
				CLANG_WARN_COMMA = YES;
				CLANG_WARN_CONSTANT_CONVERSION = YES;
				CLANG_WARN_DEPRECATED_OBJC_IMPLEMENTATIONS = YES;
				CLANG_WARN_DIRECT_OBJC_ISA_USAGE = YES_ERROR;
				CLANG_WARN_DOCUMENTATION_COMMENTS = YES;
				CLANG_WARN_EMPTY_BODY = YES;
				CLANG_WARN_ENUM_CONVERSION = YES;
				CLANG_WARN_INFINITE_RECURSION = YES;
				CLANG_WARN_INT_CONVERSION = YES;
				CLANG_WARN_NON_LITERAL_NULL_CONVERSION = YES;
				CLANG_WARN_OBJC_IMPLICIT_RETAIN_SELF = YES;
				CLANG_WARN_OBJC_LITERAL_CONVERSION = YES;
				CLANG_WARN_OBJC_ROOT_CLASS = YES_ERROR;
				CLANG_WARN_QUOTED_INCLUDE_IN_FRAMEWORK_HEADER = YES;
				CLANG_WARN_RANGE_LOOP_ANALYSIS = YES;
				CLANG_WARN_STRICT_PROTOTYPES = YES;
				CLANG_WARN_SUSPICIOUS_MOVE = YES;
				CLANG_WARN_UNGUARDED_AVAILABILITY = YES_AGGRESSIVE;
				CLANG_WARN_UNREACHABLE_CODE = YES;
				CLANG_WARN__DUPLICATE_METHOD_MATCH = YES;
				COPY_PHASE_STRIP = NO;
				DEBUG_INFORMATION_FORMAT = "dwarf-with-dsym";
				DEVELOPMENT_TEAM = 3UKH2QRFKZ;
				ENABLE_NS_ASSERTIONS = NO;
				ENABLE_STRICT_OBJC_MSGSEND = YES;
				ENABLE_USER_SCRIPT_SANDBOXING = YES;
				GCC_C_LANGUAGE_STANDARD = gnu17;
				GCC_NO_COMMON_BLOCKS = YES;
				GCC_WARN_64_TO_32_BIT_CONVERSION = YES;
				GCC_WARN_ABOUT_RETURN_TYPE = YES_ERROR;
				GCC_WARN_UNDECLARED_SELECTOR = YES;
				GCC_WARN_UNINITIALIZED_AUTOS = YES_AGGRESSIVE;
				GCC_WARN_UNUSED_FUNCTION = YES;
				GCC_WARN_UNUSED_VARIABLE = YES;
				IPHONEOS_DEPLOYMENT_TARGET = 18.0;
				LOCALIZATION_PREFERS_STRING_CATALOGS = YES;
				MTL_ENABLE_DEBUG_INFO = NO;
				MTL_FAST_MATH = YES;
				SDKROOT = iphoneos;
				SWIFT_COMPILATION_MODE = wholemodule;
				VALIDATE_PRODUCT = YES;
			};
			name = Release;
		};
		78732CFD301C64EA0019D594 /* Debug */ = {
			isa = XCBuildConfiguration;
			buildSettings = {
				ASSETCATALOG_COMPILER_APPICON_NAME = AppIcon;
				ASSETCATALOG_COMPILER_GLOBAL_ACCENT_COLOR_NAME = AccentColor;
				CODE_SIGN_ENTITLEMENTS = openWhisper.entitlements;
				CODE_SIGN_STYLE = Automatic;
				CURRENT_PROJECT_VERSION = 2;
				DEVELOPMENT_TEAM = 3UKH2QRFKZ;
				ENABLE_PREVIEWS = YES;
				GENERATE_INFOPLIST_FILE = YES;
				INFOPLIST_ADDITIONS = "Info-Additions.plist";
				INFOPLIST_KEY_CFBundleDisplayName = OpenWhisper;
				INFOPLIST_KEY_NSMicrophoneUsageDescription = "OpenWhisper uses the microphone to transcribe your speech into text. Audio is processed on your device and never leaves it.";
				INFOPLIST_KEY_UIApplicationSceneManifest_Generation = YES;
				INFOPLIST_KEY_UIApplicationSupportsIndirectInputEvents = YES;
				INFOPLIST_KEY_UILaunchScreen_Generation = YES;
				INFOPLIST_KEY_UISupportedInterfaceOrientations_iPad = "UIInterfaceOrientationPortrait UIInterfaceOrientationPortraitUpsideDown UIInterfaceOrientationLandscapeLeft UIInterfaceOrientationLandscapeRight";
				INFOPLIST_KEY_UISupportedInterfaceOrientations_iPhone = "UIInterfaceOrientationPortrait UIInterfaceOrientationLandscapeLeft UIInterfaceOrientationLandscapeRight";
				LD_RUNPATH_SEARCH_PATHS = (
					"$(inherited)",
					"@executable_path/Frameworks",
				);
				MARKETING_VERSION = 1.1;
				PRODUCT_BUNDLE_IDENTIFIER = piszeprogramy.openWhisper;
				PRODUCT_NAME = "$(TARGET_NAME)";
				STRING_CATALOG_GENERATE_SYMBOLS = YES;
				SUPPORTED_PLATFORMS = "iphoneos iphonesimulator";
				SUPPORTS_MACCATALYST = NO;
				SUPPORTS_MAC_DESIGNED_FOR_IPHONE_IPAD = NO;
				SUPPORTS_XR_DESIGNED_FOR_IPHONE_IPAD = NO;
				SWIFT_APPROACHABLE_CONCURRENCY = YES;
				SWIFT_DEFAULT_ACTOR_ISOLATION = MainActor;
				SWIFT_EMIT_LOC_STRINGS = YES;
				SWIFT_UPCOMING_FEATURE_MEMBER_IMPORT_VISIBILITY = YES;
				SWIFT_VERSION = 5.0;
				TARGETED_DEVICE_FAMILY = "1,2";
			};
			name = Debug;
		};
		78732CFE301C64EA0019D594 /* Release */ = {
			isa = XCBuildConfiguration;
			buildSettings = {
				ASSETCATALOG_COMPILER_APPICON_NAME = AppIcon;
				ASSETCATALOG_COMPILER_GLOBAL_ACCENT_COLOR_NAME = AccentColor;
				CODE_SIGN_ENTITLEMENTS = openWhisper.entitlements;
				CODE_SIGN_STYLE = Automatic;
				CURRENT_PROJECT_VERSION = 2;
				DEVELOPMENT_TEAM = 3UKH2QRFKZ;
				ENABLE_PREVIEWS = YES;
				GENERATE_INFOPLIST_FILE = YES;
				INFOPLIST_ADDITIONS = "Info-Additions.plist";
				INFOPLIST_KEY_CFBundleDisplayName = OpenWhisper;
				INFOPLIST_KEY_NSMicrophoneUsageDescription = "OpenWhisper uses the microphone to transcribe your speech into text. Audio is processed on your device and never leaves it.";
				INFOPLIST_KEY_UIApplicationSceneManifest_Generation = YES;
				INFOPLIST_KEY_UIApplicationSupportsIndirectInputEvents = YES;
				INFOPLIST_KEY_UILaunchScreen_Generation = YES;
				INFOPLIST_KEY_UISupportedInterfaceOrientations_iPad = "UIInterfaceOrientationPortrait UIInterfaceOrientationPortraitUpsideDown UIInterfaceOrientationLandscapeLeft UIInterfaceOrientationLandscapeRight";
				INFOPLIST_KEY_UISupportedInterfaceOrientations_iPhone = "UIInterfaceOrientationPortrait UIInterfaceOrientationLandscapeLeft UIInterfaceOrientationLandscapeRight";
				LD_RUNPATH_SEARCH_PATHS = (
					"$(inherited)",
					"@executable_path/Frameworks",
				);
				MARKETING_VERSION = 1.1;
				PRODUCT_BUNDLE_IDENTIFIER = piszeprogramy.openWhisper;
				PRODUCT_NAME = "$(TARGET_NAME)";
				STRING_CATALOG_GENERATE_SYMBOLS = YES;
				SUPPORTED_PLATFORMS = "iphoneos iphonesimulator";
				SUPPORTS_MACCATALYST = NO;
				SUPPORTS_MAC_DESIGNED_FOR_IPHONE_IPAD = NO;
				SUPPORTS_XR_DESIGNED_FOR_IPHONE_IPAD = NO;
				SWIFT_APPROACHABLE_CONCURRENCY = YES;
				SWIFT_DEFAULT_ACTOR_ISOLATION = MainActor;
				SWIFT_EMIT_LOC_STRINGS = YES;
				SWIFT_UPCOMING_FEATURE_MEMBER_IMPORT_VISIBILITY = YES;
				SWIFT_VERSION = 5.0;
				TARGETED_DEVICE_FAMILY = "1,2";
			};
			name = Release;
		};
		F8091A2B3C4D5E6F708192A3 /* Debug */ = {
			isa = XCBuildConfiguration;
			buildSettings = {
				APPLICATION_EXTENSION_API_ONLY = YES;
				CODE_SIGN_ENTITLEMENTS = openWhisper.entitlements;
				CODE_SIGN_STYLE = Automatic;
				CURRENT_PROJECT_VERSION = 2;
				DEVELOPMENT_TEAM = 3UKH2QRFKZ;
				ENABLE_PREVIEWS = YES;
				INFOPLIST_FILE = OpenWhisperKeyboard/Info.plist;
				IPHONEOS_DEPLOYMENT_TARGET = 18.0;
				LD_RUNPATH_SEARCH_PATHS = (
					"$(inherited)",
					"@executable_path/Frameworks",
					"@executable_path/../../Frameworks",
				);
				MARKETING_VERSION = 1.1;
				PRODUCT_BUNDLE_IDENTIFIER = piszeprogramy.openWhisper.keyboard;
				PRODUCT_NAME = "$(TARGET_NAME)";
				SKIP_INSTALL = YES;
				SUPPORTED_PLATFORMS = "iphoneos iphonesimulator";
				SUPPORTS_MACCATALYST = NO;
				SUPPORTS_MAC_DESIGNED_FOR_IPHONE_IPAD = NO;
				SUPPORTS_XR_DESIGNED_FOR_IPHONE_IPAD = NO;
				SWIFT_APPROACHABLE_CONCURRENCY = YES;
				SWIFT_EMIT_LOC_STRINGS = YES;
				SWIFT_VERSION = 5.0;
				TARGETED_DEVICE_FAMILY = "1,2";
			};
			name = Debug;
		};
/* End XCBuildConfiguration section */

/* Begin XCConfigurationList section */
		7865A1B5301F54190036B816 /* Build configuration list for PBXNativeTarget "OpenWhisperWidgetExtension" */ = {
			isa = XCConfigurationList;
			buildConfigurations = (
				7865A1B6301F54190036B816 /* Debug */,
				7865A1B7301F54190036B816 /* Release */,
			);
			defaultConfigurationIsVisible = 0;
			defaultConfigurationName = Release;
		};
		78732CEC301C64E90019D594 /* Build configuration list for PBXProject "openWhisper" */ = {
			isa = XCConfigurationList;
			buildConfigurations = (
				78732CFA301C64EA0019D594 /* Debug */,
				78732CFB301C64EA0019D594 /* Release */,
			);
			defaultConfigurationIsVisible = 0;
			defaultConfigurationName = Release;
		};
		78732CFC301C64EA0019D594 /* Build configuration list for PBXNativeTarget "openWhisper" */ = {
			isa = XCConfigurationList;
			buildConfigurations = (
				78732CFD301C64EA0019D594 /* Debug */,
				78732CFE301C64EA0019D594 /* Release */,
			);
			defaultConfigurationIsVisible = 0;
			defaultConfigurationName = Release;
		};
		9D0E1F2030405060708090A1 /* Build configuration list for PBXNativeTarget "openWhisperMac" */ = {
			isa = XCConfigurationList;
			buildConfigurations = (
				1A2B3C4D5E6F708192A3B4C5 /* Debug */,
				2B3C4D5E6F708192A3B4C5D6 /* Release */,
			);
			defaultConfigurationIsVisible = 0;
			defaultConfigurationName = Release;
		};
		E7F8091A2B3C4D5E6F708192 /* Build configuration list for PBXNativeTarget "OpenWhisperKeyboard" */ = {
			isa = XCConfigurationList;
			buildConfigurations = (
				F8091A2B3C4D5E6F708192A3 /* Debug */,
				0A1B2C3D4E5F60718293A4B5C /* Release */,
			);
			defaultConfigurationIsVisible = 0;
			defaultConfigurationName = Release;
		};
/* End XCConfigurationList section */

/* Begin XCLocalSwiftPackageReference section */
		A1B2C3D4E5F60718293A4B5C /* XCLocalSwiftPackageReference "Packages/parakeet-coreml-swift" */ = {
			isa = XCLocalSwiftPackageReference;
			relativePath = "Packages/parakeet-coreml-swift";
		};
		C1D2E3F40518293A4B5C6D7E /* XCLocalSwiftPackageReference "OpenWhisperShared" */ = {
			isa = XCLocalSwiftPackageReference;
			relativePath = OpenWhisperShared;
		};
/* End XCLocalSwiftPackageReference section */

/* Begin XCRemoteSwiftPackageReference section */
		4F5A6B7C8D9E0F10293A4B5C /* XCRemoteSwiftPackageReference "FluidAudio" */ = {
			isa = XCRemoteSwiftPackageReference;
			repositoryURL = "https://github.com/FluidInference/FluidAudio.git";
			requirement = {
				kind = upToNextMajorVersion;
				minimumVersion = 0.1.0;
			};
		};
/* End XCRemoteSwiftPackageReference section */

/* Begin XCSwiftPackageProductDependency section */
		5F6A7B8C9D0E1F20293A4B5C /* FluidAudio */ = {
			isa = XCSwiftPackageProductDependency;
			package = 4F5A6B7C8D9E0F10293A4B5C /* XCRemoteSwiftPackageReference "FluidAudio" */;
			productName = FluidAudio;
		};
		7865A1B8301F543A0036B816 /* OpenWhisperShared */ = {
			isa = XCSwiftPackageProductDependency;
			package = C1D2E3F40518293A4B5C6D7E /* XCLocalSwiftPackageReference "OpenWhisperShared" */;
			productName = OpenWhisperShared;
		};
		B2C3D4E5F60718293A4B5C6D /* ParakeetTDT */ = {
			isa = XCSwiftPackageProductDependency;
			package = A1B2C3D4E5F60718293A4B5C /* XCLocalSwiftPackageReference "Packages/parakeet-coreml-swift" */;
			productName = ParakeetTDT;
		};
		D2E3F40518293A4B5C6D7E8F /* OpenWhisperShared */ = {
			isa = XCSwiftPackageProductDependency;
			package = C1D2E3F40518293A4B5C6D7E /* XCLocalSwiftPackageReference "OpenWhisperShared" */;
			productName = OpenWhisperShared;
		};
/* End XCSwiftPackageProductDependency section */
	};
	rootObject = 78732CE9301C64E90019D594 /* Project object */;
}
